// !$*UTF8*$!
{
	archiveVersion = 1;
	classes = {
	};
	objectVersion = 50;
	objects = {

/* Begin PBXBuildFile section */
		181DFC5F21601BCF005061E0 /* AppDelegate.swift in Sources */ = {isa = PBXBuildFile; fileRef = 181DFC5E21601BCF005061E0 /* AppDelegate.swift */; };
		181DFC6421601BCF005061E0 /* Main.storyboard in Resources */ = {isa = PBXBuildFile; fileRef = 181DFC6221601BCF005061E0 /* Main.storyboard */; };
		181DFC6621601BD3005061E0 /* Assets.xcassets in Resources */ = {isa = PBXBuildFile; fileRef = 181DFC6521601BD3005061E0 /* Assets.xcassets */; };
		181DFC6921601BD3005061E0 /* LaunchScreen.storyboard in Resources */ = {isa = PBXBuildFile; fileRef = 181DFC6721601BD3005061E0 /* LaunchScreen.storyboard */; };
		189EC9DD21601E3300A32A1A /* PhotoSearchView.storyboard in Resources */ = {isa = PBXBuildFile; fileRef = 189EC9DC21601E3300A32A1A /* PhotoSearchView.storyboard */; };
		189EC9DF21601E4C00A32A1A /* PhotoSearchViewController.swift in Sources */ = {isa = PBXBuildFile; fileRef = 189EC9DE21601E4C00A32A1A /* PhotoSearchViewController.swift */; };
		189EC9E121601E5F00A32A1A /* PhotoSearchViewInteractor.swift in Sources */ = {isa = PBXBuildFile; fileRef = 189EC9E021601E5F00A32A1A /* PhotoSearchViewInteractor.swift */; };
		189EC9E321601E7100A32A1A /* PhotoDetailView.storyboard in Resources */ = {isa = PBXBuildFile; fileRef = 189EC9E221601E7100A32A1A /* PhotoDetailView.storyboard */; };
		189EC9E521601E7B00A32A1A /* PhotoDetailViewController.swift in Sources */ = {isa = PBXBuildFile; fileRef = 189EC9E421601E7B00A32A1A /* PhotoDetailViewController.swift */; };
		189EC9E921601EBB00A32A1A /* PhotoTableViewCell.swift in Sources */ = {isa = PBXBuildFile; fileRef = 189EC9E721601EBB00A32A1A /* PhotoTableViewCell.swift */; };
		189EC9EA21601EBB00A32A1A /* PhotoTableViewCell.xib in Resources */ = {isa = PBXBuildFile; fileRef = 189EC9E821601EBB00A32A1A /* PhotoTableViewCell.xib */; };
		189EC9EC21601EE100A32A1A /* Constants.swift in Sources */ = {isa = PBXBuildFile; fileRef = 189EC9EB21601EE100A32A1A /* Constants.swift */; };
		189EC9EF21601F1F00A32A1A /* NetworkManager.swift in Sources */ = {isa = PBXBuildFile; fileRef = 189EC9EE21601F1F00A32A1A /* NetworkManager.swift */; };
		189EC9F121601F2B00A32A1A /* DataCacheManager.swift in Sources */ = {isa = PBXBuildFile; fileRef = 189EC9F021601F2B00A32A1A /* DataCacheManager.swift */; };
		189EC9F321601F4800A32A1A /* Photo.swift in Sources */ = {isa = PBXBuildFile; fileRef = 189EC9F221601F4800A32A1A /* Photo.swift */; };
/* End PBXBuildFile section */

/* Begin PBXFileReference section */
		181DFC5B21601BCF005061E0 /* FlickrSearch.app */ = {isa = PBXFileReference; explicitFileType = wrapper.application; includeInIndex = 0; path = FlickrSearch.app; sourceTree = BUILT_PRODUCTS_DIR; };
		181DFC5E21601BCF005061E0 /* AppDelegate.swift */ = {isa = PBXFileReference; lastKnownFileType = sourcecode.swift; path = AppDelegate.swift; sourceTree = "<group>"; };
		181DFC6321601BCF005061E0 /* Base */ = {isa = PBXFileReference; lastKnownFileType = file.storyboard; name = Base; path = Base.lproj/Main.storyboard; sourceTree = "<group>"; };
		181DFC6521601BD3005061E0 /* Assets.xcassets */ = {isa = PBXFileReference; lastKnownFileType = folder.assetcatalog; path = Assets.xcassets; sourceTree = "<group>"; };
		181DFC6821601BD3005061E0 /* Base */ = {isa = PBXFileReference; lastKnownFileType = file.storyboard; name = Base; path = Base.lproj/LaunchScreen.storyboard; sourceTree = "<group>"; };
		181DFC6A21601BD3005061E0 /* Info.plist */ = {isa = PBXFileReference; lastKnownFileType = text.plist.xml; path = Info.plist; sourceTree = "<group>"; };
		189EC9DC21601E3300A32A1A /* PhotoSearchView.storyboard */ = {isa = PBXFileReference; lastKnownFileType = file.storyboard; path = PhotoSearchView.storyboard; sourceTree = "<group>"; };
		189EC9DE21601E4C00A32A1A /* PhotoSearchViewController.swift */ = {isa = PBXFileReference; lastKnownFileType = sourcecode.swift; path = PhotoSearchViewController.swift; sourceTree = "<group>"; };
		189EC9E021601E5F00A32A1A /* PhotoSearchViewInteractor.swift */ = {isa = PBXFileReference; lastKnownFileType = sourcecode.swift; path = PhotoSearchViewInteractor.swift; sourceTree = "<group>"; };
		189EC9E221601E7100A32A1A /* PhotoDetailView.storyboard */ = {isa = PBXFileReference; lastKnownFileType = file.storyboard; path = PhotoDetailView.storyboard; sourceTree = "<group>"; };
		189EC9E421601E7B00A32A1A /* PhotoDetailViewController.swift */ = {isa = PBXFileReference; lastKnownFileType = sourcecode.swift; path = PhotoDetailViewController.swift; sourceTree = "<group>"; };
		189EC9E721601EBB00A32A1A /* PhotoTableViewCell.swift */ = {isa = PBXFileReference; lastKnownFileType = sourcecode.swift; path = PhotoTableViewCell.swift; sourceTree = "<group>"; };
		189EC9E821601EBB00A32A1A /* PhotoTableViewCell.xib */ = {isa = PBXFileReference; lastKnownFileType = file.xib; path = PhotoTableViewCell.xib; sourceTree = "<group>"; };
		189EC9EB21601EE100A32A1A /* Constants.swift */ = {isa = PBXFileReference; lastKnownFileType = sourcecode.swift; path = Constants.swift; sourceTree = "<group>"; };
		189EC9EE21601F1F00A32A1A /* NetworkManager.swift */ = {isa = PBXFileReference; lastKnownFileType = sourcecode.swift; path = NetworkManager.swift; sourceTree = "<group>"; };
		189EC9F021601F2B00A32A1A /* DataCacheManager.swift */ = {isa = PBXFileReference; lastKnownFileType = sourcecode.swift; path = DataCacheManager.swift; sourceTree = "<group>"; };
		189EC9F221601F4800A32A1A /* Photo.swift */ = {isa = PBXFileReference; lastKnownFileType = sourcecode.swift; path = Photo.swift; sourceTree = "<group>"; };
/* End PBXFileReference section */

/* Begin PBXFrameworksBuildPhase section */
		181DFC5821601BCF005061E0 /* Frameworks */ = {
			isa = PBXFrameworksBuildPhase;
			buildActionMask = 2147483647;
			files = (
			);
			runOnlyForDeploymentPostprocessing = 0;
		};
/* End PBXFrameworksBuildPhase section */

/* Begin PBXGroup section */
		181DFC5221601BCE005061E0 = {
			isa = PBXGroup;
			children = (
				181DFC5D21601BCF005061E0 /* FlickrSearch */,
				181DFC5C21601BCF005061E0 /* Products */,
			);
			sourceTree = "<group>";
		};
		181DFC5C21601BCF005061E0 /* Products */ = {
			isa = PBXGroup;
			children = (
				181DFC5B21601BCF005061E0 /* FlickrSearch.app */,
			);
			name = Products;
			sourceTree = "<group>";
		};
		181DFC5D21601BCF005061E0 /* FlickrSearch */ = {
			isa = PBXGroup;
			children = (
				189EC9D721601D1200A32A1A /* Main */,
				189EC9DA21601D9A00A32A1A /* Common */,
				189EC9D421601CE700A32A1A /* Models */,
				189EC9D521601CF400A32A1A /* Experiences */,
				189EC9D621601D0400A32A1A /* Resources */,
			);
			path = FlickrSearch;
			sourceTree = "<group>";
		};
		189EC9D421601CE700A32A1A /* Models */ = {
			isa = PBXGroup;
			children = (
				189EC9F221601F4800A32A1A /* Photo.swift */,
			);
			path = Models;
			sourceTree = "<group>";
		};
		189EC9D521601CF400A32A1A /* Experiences */ = {
			isa = PBXGroup;
			children = (
				189EC9D821601D3E00A32A1A /* PhotoSearchView */,
				189EC9D921601D4400A32A1A /* PhotoDetailView */,
			);
			path = Experiences;
			sourceTree = "<group>";
		};
		189EC9D621601D0400A32A1A /* Resources */ = {
			isa = PBXGroup;
			children = (
				181DFC6521601BD3005061E0 /* Assets.xcassets */,
			);
			path = Resources;
			sourceTree = "<group>";
		};
		189EC9D721601D1200A32A1A /* Main */ = {
			isa = PBXGroup;
			children = (
				181DFC5E21601BCF005061E0 /* AppDelegate.swift */,
				181DFC6221601BCF005061E0 /* Main.storyboard */,
				181DFC6721601BD3005061E0 /* LaunchScreen.storyboard */,
				181DFC6A21601BD3005061E0 /* Info.plist */,
			);
			path = Main;
			sourceTree = "<group>";
		};
		189EC9D821601D3E00A32A1A /* PhotoSearchView */ = {
			isa = PBXGroup;
			children = (
				189EC9DC21601E3300A32A1A /* PhotoSearchView.storyboard */,
				189EC9DE21601E4C00A32A1A /* PhotoSearchViewController.swift */,
				189EC9E021601E5F00A32A1A /* PhotoSearchViewInteractor.swift */,
			);
			path = PhotoSearchView;
			sourceTree = "<group>";
		};
		189EC9D921601D4400A32A1A /* PhotoDetailView */ = {
			isa = PBXGroup;
			children = (
				189EC9E221601E7100A32A1A /* PhotoDetailView.storyboard */,
				189EC9E421601E7B00A32A1A /* PhotoDetailViewController.swift */,
			);
			path = PhotoDetailView;
			sourceTree = "<group>";
		};
		189EC9DA21601D9A00A32A1A /* Common */ = {
			isa = PBXGroup;
			children = (
				189EC9E621601E8400A32A1A /* UI Elements */,
				189EC9ED21601EF600A32A1A /* Managers */,
				189EC9DB21601DBA00A32A1A /* Apple Extensions */,
				189EC9EB21601EE100A32A1A /* Constants.swift */,
			);
			path = Common;
			sourceTree = "<group>";
		};
		189EC9DB21601DBA00A32A1A /* Apple Extensions */ = {
			isa = PBXGroup;
			children = (
			);
			path = "Apple Extensions";
			sourceTree = "<group>";
		};
		189EC9E621601E8400A32A1A /* UI Elements */ = {
			isa = PBXGroup;
			children = (
				189EC9E821601EBB00A32A1A /* PhotoTableViewCell.xib */,
				189EC9E721601EBB00A32A1A /* PhotoTableViewCell.swift */,
			);
			path = "UI Elements";
			sourceTree = "<group>";
		};
		189EC9ED21601EF600A32A1A /* Managers */ = {
			isa = PBXGroup;
			children = (
				189EC9EE21601F1F00A32A1A /* NetworkManager.swift */,
				189EC9F021601F2B00A32A1A /* DataCacheManager.swift */,
			);
			path = Managers;
			sourceTree = "<group>";
		};
/* End PBXGroup section */

/* Begin PBXNativeTarget section */
		181DFC5A21601BCF005061E0 /* FlickrSearch */ = {
			isa = PBXNativeTarget;
			buildConfigurationList = 181DFC6D21601BD3005061E0 /* Build configuration list for PBXNativeTarget "FlickrSearch" */;
			buildPhases = (
				181DFC5721601BCF005061E0 /* Sources */,
				181DFC5821601BCF005061E0 /* Frameworks */,
				181DFC5921601BCF005061E0 /* Resources */,
			);
			buildRules = (
			);
			dependencies = (
			);
			name = FlickrSearch;
			productName = FlickrSearch;
			productReference = 181DFC5B21601BCF005061E0 /* FlickrSearch.app */;
			productType = "com.apple.product-type.application";
		};
/* End PBXNativeTarget section */

/* Begin PBXProject section */
		181DFC5321601BCF005061E0 /* Project object */ = {
			isa = PBXProject;
			attributes = {
				LastSwiftUpdateCheck = 1000;
				LastUpgradeCheck = 1000;
				ORGANIZATIONNAME = "Thomas Ganley";
				TargetAttributes = {
					181DFC5A21601BCF005061E0 = {
						CreatedOnToolsVersion = 10.0;
					};
				};
			};
			buildConfigurationList = 181DFC5621601BCF005061E0 /* Build configuration list for PBXProject "FlickrSearch" */;
			compatibilityVersion = "Xcode 9.3";
			developmentRegion = en;
			hasScannedForEncodings = 0;
			knownRegions = (
				en,
				Base,
			);
			mainGroup = 181DFC5221601BCE005061E0;
			productRefGroup = 181DFC5C21601BCF005061E0 /* Products */;
			projectDirPath = "";
			projectRoot = "";
			targets = (
				181DFC5A21601BCF005061E0 /* FlickrSearch */,
			);
		};
/* End PBXProject section */

/* Begin PBXResourcesBuildPhase section */
		181DFC5921601BCF005061E0 /* Resources */ = {
			isa = PBXResourcesBuildPhase;
			buildActionMask = 2147483647;
			files = (
				189EC9EA21601EBB00A32A1A /* PhotoTableViewCell.xib in Resources */,
				189EC9DD21601E3300A32A1A /* PhotoSearchView.storyboard in Resources */,
				181DFC6921601BD3005061E0 /* LaunchScreen.storyboard in Resources */,
				181DFC6621601BD3005061E0 /* Assets.xcassets in Resources */,
				189EC9E321601E7100A32A1A /* PhotoDetailView.storyboard in Resources */,
				181DFC6421601BCF005061E0 /* Main.storyboard in Resources */,
			);
			runOnlyForDeploymentPostprocessing = 0;
		};
/* End PBXResourcesBuildPhase section */

/* Begin PBXSourcesBuildPhase section */
		181DFC5721601BCF005061E0 /* Sources */ = {
			isa = PBXSourcesBuildPhase;
			buildActionMask = 2147483647;
			files = (
				189EC9E921601EBB00A32A1A /* PhotoTableViewCell.swift in Sources */,
				181DFC5F21601BCF005061E0 /* AppDelegate.swift in Sources */,
				189EC9F121601F2B00A32A1A /* DataCacheManager.swift in Sources */,
				189EC9F321601F4800A32A1A /* Photo.swift in Sources */,
				189EC9E121601E5F00A32A1A /* PhotoSearchViewInteractor.swift in Sources */,
				189EC9EF21601F1F00A32A1A /* NetworkManager.swift in Sources */,
				189EC9E521601E7B00A32A1A /* PhotoDetailViewController.swift in Sources */,
				189EC9DF21601E4C00A32A1A /* PhotoSearchViewController.swift in Sources */,
				189EC9EC21601EE100A32A1A /* Constants.swift in Sources */,
			);
			runOnlyForDeploymentPostprocessing = 0;
		};
/* End PBXSourcesBuildPhase section */

/* Begin PBXVariantGroup section */
		181DFC6221601BCF005061E0 /* Main.storyboard */ = {
			isa = PBXVariantGroup;
			children = (
				181DFC6321601BCF005061E0 /* Base */,
			);
			name = Main.storyboard;
			sourceTree = "<group>";
		};
		181DFC6721601BD3005061E0 /* LaunchScreen.storyboard */ = {
			isa = PBXVariantGroup;
			children = (
				181DFC6821601BD3005061E0 /* Base */,
			);
			name = LaunchScreen.storyboard;
			sourceTree = "<group>";
		};
/* End PBXVariantGroup section */

/* Begin XCBuildConfiguration section */
		181DFC6B21601BD3005061E0 /* Debug */ = {
			isa = XCBuildConfiguration;
			buildSettings = {
				ALWAYS_SEARCH_USER_PATHS = NO;
				CLANG_ANALYZER_NONNULL = YES;
				CLANG_ANALYZER_NUMBER_OBJECT_CONVERSION = YES_AGGRESSIVE;
				CLANG_CXX_LANGUAGE_STANDARD = "gnu++14";
				CLANG_CXX_LIBRARY = "libc++";
				CLANG_ENABLE_MODULES = YES;
				CLANG_ENABLE_OBJC_ARC = YES;
				CLANG_ENABLE_OBJC_WEAK = YES;
				CLANG_WARN_BLOCK_CAPTURE_AUTORELEASING = YES;
				CLANG_WARN_BOOL_CONVERSION = YES;
				CLANG_WARN_COMMA = YES;
				CLANG_WARN_CONSTANT_CONVERSION = YES;
				CLANG_WARN_DEPRECATED_OBJC_IMPLEMENTATIONS = YES;
				CLANG_WARN_DIRECT_OBJC_ISA_USAGE = YES_ERROR;
				CLANG_WARN_DOCUMENTATION_COMMENTS = YES;
				CLANG_WARN_EMPTY_BODY = YES;
				CLANG_WARN_ENUM_CONVERSION = YES;
				CLANG_WARN_INFINITE_RECURSION = YES;
				CLANG_WARN_INT_CONVERSION = YES;
				CLANG_WARN_NON_LITERAL_NULL_CONVERSION = YES;
				CLANG_WARN_OBJC_IMPLICIT_RETAIN_SELF = YES;
				CLANG_WARN_OBJC_LITERAL_CONVERSION = YES;
				CLANG_WARN_OBJC_ROOT_CLASS = YES_ERROR;
				CLANG_WARN_RANGE_LOOP_ANALYSIS = YES;
				CLANG_WARN_STRICT_PROTOTYPES = YES;
				CLANG_WARN_SUSPICIOUS_MOVE = YES;
				CLANG_WARN_UNGUARDED_AVAILABILITY = YES_AGGRESSIVE;
				CLANG_WARN_UNREACHABLE_CODE = YES;
				CLANG_WARN__DUPLICATE_METHOD_MATCH = YES;
				CODE_SIGN_IDENTITY = "iPhone Developer";
				COPY_PHASE_STRIP = NO;
				DEBUG_INFORMATION_FORMAT = dwarf;
				ENABLE_STRICT_OBJC_MSGSEND = YES;
				ENABLE_TESTABILITY = YES;
				GCC_C_LANGUAGE_STANDARD = gnu11;
				GCC_DYNAMIC_NO_PIC = NO;
				GCC_NO_COMMON_BLOCKS = YES;
				GCC_OPTIMIZATION_LEVEL = 0;
				GCC_PREPROCESSOR_DEFINITIONS = (
					"DEBUG=1",
					"$(inherited)",
				);
				GCC_WARN_64_TO_32_BIT_CONVERSION = YES;
				GCC_WARN_ABOUT_RETURN_TYPE = YES_ERROR;
				GCC_WARN_UNDECLARED_SELECTOR = YES;
				GCC_WARN_UNINITIALIZED_AUTOS = YES_AGGRESSIVE;
				GCC_WARN_UNUSED_FUNCTION = YES;
				GCC_WARN_UNUSED_VARIABLE = YES;
				IPHONEOS_DEPLOYMENT_TARGET = 12.0;
				MTL_ENABLE_DEBUG_INFO = INCLUDE_SOURCE;
				MTL_FAST_MATH = YES;
				ONLY_ACTIVE_ARCH = YES;
				SDKROOT = iphoneos;
				SWIFT_ACTIVE_COMPILATION_CONDITIONS = DEBUG;
				SWIFT_OPTIMIZATION_LEVEL = "-Onone";
			};
			name = Debug;
		};
		181DFC6C21601BD3005061E0 /* Release */ = {
			isa = XCBuildConfiguration;
			buildSettings = {
				ALWAYS_SEARCH_USER_PATHS = NO;
				CLANG_ANALYZER_NONNULL = YES;
				CLANG_ANALYZER_NUMBER_OBJECT_CONVERSION = YES_AGGRESSIVE;
				CLANG_CXX_LANGUAGE_STANDARD = "gnu++14";
				CLANG_CXX_LIBRARY = "libc++";
				CLANG_ENABLE_MODULES = YES;
				CLANG_ENABLE_OBJC_ARC = YES;
				CLANG_ENABLE_OBJC_WEAK = YES;
				CLANG_WARN_BLOCK_CAPTURE_AUTORELEASING = YES;
				CLANG_WARN_BOOL_CONVERSION = YES;
				CLANG_WARN_COMMA = YES;
				CLANG_WARN_CONSTANT_CONVERSION = YES;
				CLANG_WARN_DEPRECATED_OBJC_IMPLEMENTATIONS = YES;
				CLANG_WARN_DIRECT_OBJC_ISA_USAGE = YES_ERROR;
				CLANG_WARN_DOCUMENTATION_COMMENTS = YES;
				CLANG_WARN_EMPTY_BODY = YES;
				CLANG_WARN_ENUM_CONVERSION = YES;
				CLANG_WARN_INFINITE_RECURSION = YES;
				CLANG_WARN_INT_CONVERSION = YES;
				CLANG_WARN_NON_LITERAL_NULL_CONVERSION = YES;
				CLANG_WARN_OBJC_IMPLICIT_RETAIN_SELF = YES;
				CLANG_WARN_OBJC_LITERAL_CONVERSION = YES;
				CLANG_WARN_OBJC_ROOT_CLASS = YES_ERROR;
				CLANG_WARN_RANGE_LOOP_ANALYSIS = YES;
				CLANG_WARN_STRICT_PROTOTYPES = YES;
				CLANG_WARN_SUSPICIOUS_MOVE = YES;
				CLANG_WARN_UNGUARDED_AVAILABILITY = YES_AGGRESSIVE;
				CLANG_WARN_UNREACHABLE_CODE = YES;
				CLANG_WARN__DUPLICATE_METHOD_MATCH = YES;
				CODE_SIGN_IDENTITY = "iPhone Developer";
				COPY_PHASE_STRIP = NO;
				DEBUG_INFORMATION_FORMAT = "dwarf-with-dsym";
				ENABLE_NS_ASSERTIONS = NO;
				ENABLE_STRICT_OBJC_MSGSEND = YES;
				GCC_C_LANGUAGE_STANDARD = gnu11;
				GCC_NO_COMMON_BLOCKS = YES;
				GCC_WARN_64_TO_32_BIT_CONVERSION = YES;
				GCC_WARN_ABOUT_RETURN_TYPE = YES_ERROR;
				GCC_WARN_UNDECLARED_SELECTOR = YES;
				GCC_WARN_UNINITIALIZED_AUTOS = YES_AGGRESSIVE;
				GCC_WARN_UNUSED_FUNCTION = YES;
				GCC_WARN_UNUSED_VARIABLE = YES;
				IPHONEOS_DEPLOYMENT_TARGET = 12.0;
				MTL_ENABLE_DEBUG_INFO = NO;
				MTL_FAST_MATH = YES;
				SDKROOT = iphoneos;
				SWIFT_COMPILATION_MODE = wholemodule;
				SWIFT_OPTIMIZATION_LEVEL = "-O";
				VALIDATE_PRODUCT = YES;
			};
			name = Release;
		};
		181DFC6E21601BD3005061E0 /* Debug */ = {
			isa = XCBuildConfiguration;
			buildSettings = {
				ASSETCATALOG_COMPILER_APPICON_NAME = AppIcon;
				CODE_SIGN_STYLE = Automatic;
				DEVELOPMENT_TEAM = QFVJ6KY7E2;
				INFOPLIST_FILE = FlickrSearch/Info.plist;
				LD_RUNPATH_SEARCH_PATHS = (
					"$(inherited)",
					"@executable_path/Frameworks",
				);
				PRODUCT_BUNDLE_IDENTIFIER = com.ganleyapps.FlickrSearch;
				PRODUCT_NAME = "$(TARGET_NAME)";
				SWIFT_VERSION = 4.2;
				TARGETED_DEVICE_FAMILY = "1,2";
			};
			name = Debug;
		};
		181DFC6F21601BD3005061E0 /* Release */ = {
			isa = XCBuildConfiguration;
			buildSettings = {
				ASSETCATALOG_COMPILER_APPICON_NAME = AppIcon;
				CODE_SIGN_STYLE = Automatic;
				DEVELOPMENT_TEAM = QFVJ6KY7E2;
				INFOPLIST_FILE = FlickrSearch/Info.plist;
				LD_RUNPATH_SEARCH_PATHS = (
					"$(inherited)",
					"@executable_path/Frameworks",
				);
				PRODUCT_BUNDLE_IDENTIFIER = com.ganleyapps.FlickrSearch;
				PRODUCT_NAME = "$(TARGET_NAME)";
				SWIFT_VERSION = 4.2;
				TARGETED_DEVICE_FAMILY = "1,2";
			};
			name = Release;
		};
/* End XCBuildConfiguration section */

/* Begin XCConfigurationList section */
		181DFC5621601BCF005061E0 /* Build configuration list for PBXProject "FlickrSearch" */ = {
			isa = XCConfigurationList;
			buildConfigurations = (
				181DFC6B21601BD3005061E0 /* Debug */,
				181DFC6C21601BD3005061E0 /* Release */,
			);
			defaultConfigurationIsVisible = 0;
			defaultConfigurationName = Release;
		};
		181DFC6D21601BD3005061E0 /* Build configuration list for PBXNativeTarget "FlickrSearch" */ = {
			isa = XCConfigurationList;
			buildConfigurations = (
				181DFC6E21601BD3005061E0 /* Debug */,
				181DFC6F21601BD3005061E0 /* Release */,
			);
			defaultConfigurationIsVisible = 0;
			defaultConfigurationName = Release;
		};
/* End XCConfigurationList section */
	};
	rootObject = 181DFC5321601BCF005061E0 /* Project object */;
}
